
Microsoft Visual Studio Solution File, Format Version 12.00
Project("{FAE04EC0-301F-11D3-BF4B-00C04F79EFBC}") = "StrategyBot.Game.Data", "StrategyBot.Game.Data\StrategyBot.Game.Data.csproj", "{62ADA329-8E30-4877-9137-6F2BAE1BA46E}"
EndProject
Project("{FAE04EC0-301F-11D3-BF4B-00C04F79EFBC}") = "StrategyBot.Game.Core", "StrategyBot.Game.Core\StrategyBot.Game.Core.csproj", "{05D80E6B-2A3F-4F1B-A892-213543553912}"
EndProject
Project("{FAE04EC0-301F-11D3-BF4B-00C04F79EFBC}") = "StrategyBot.Telegram.Polling", "StrategyBot.Telegram.Polling\StrategyBot.Telegram.Polling.csproj", "{242E7F03-4671-48FB-8503-CAF016448612}"
EndProject
Project("{FAE04EC0-301F-11D3-BF4B-00C04F79EFBC}") = "StrategyBot.Game.Server", "StrategyBot.Game.Server\StrategyBot.Game.Server.csproj", "{8144EAB4-4AC9-4A36-BF0C-305B8A7A7123}"
EndProject
Project("{FAE04EC0-301F-11D3-BF4B-00C04F79EFBC}") = "StrategyBot.Game.Server.RabbitMq", "StrategyBot.Game.Server.RabbitMq\StrategyBot.Game.Server.RabbitMq.csproj", "{C4CDA3C9-8A98-4BB6-9F47-68D5FB71E705}"
EndProject
Project("{FAE04EC0-301F-11D3-BF4B-00C04F79EFBC}") = "StrategyBot.Game.Logic", "StrategyBot.Game.Logic\StrategyBot.Game.Logic.csproj", "{221CA5ED-9F75-4A9D-AFF0-B501B204A719}"
EndProject
Project("{FAE04EC0-301F-11D3-BF4B-00C04F79EFBC}") = "StrategyBot.Game.Core.Controllers", "StrategyBot.Game.Core.Controllers\StrategyBot.Game.Core.Controllers.csproj", "{3A56A6AB-9B5B-4335-B33C-3AF007C3DB01}"
EndProject
Project("{FAE04EC0-301F-11D3-BF4B-00C04F79EFBC}") = "StrategyBot.Game.Core.Controllers.Autofac", "StrategyBot.Game.Core.Controllers.Autofac\StrategyBot.Game.Core.Controllers.Autofac.csproj", "{79F22739-908B-4F44-81AA-C2DF718F9E54}"
EndProject
Global
	GlobalSection(SolutionConfigurationPlatforms) = preSolution
		Debug|Any CPU = Debug|Any CPU
		Release|Any CPU = Release|Any CPU
	EndGlobalSection
	GlobalSection(ProjectConfigurationPlatforms) = postSolution
		{62ADA329-8E30-4877-9137-6F2BAE1BA46E}.Debug|Any CPU.ActiveCfg = Debug|Any CPU
		{62ADA329-8E30-4877-9137-6F2BAE1BA46E}.Debug|Any CPU.Build.0 = Debug|Any CPU
		{62ADA329-8E30-4877-9137-6F2BAE1BA46E}.Release|Any CPU.ActiveCfg = Release|Any CPU
		{62ADA329-8E30-4877-9137-6F2BAE1BA46E}.Release|Any CPU.Build.0 = Release|Any CPU
		{05D80E6B-2A3F-4F1B-A892-213543553912}.Debug|Any CPU.ActiveCfg = Debug|Any CPU
		{05D80E6B-2A3F-4F1B-A892-213543553912}.Debug|Any CPU.Build.0 = Debug|Any CPU
		{05D80E6B-2A3F-4F1B-A892-213543553912}.Release|Any CPU.ActiveCfg = Release|Any CPU
		{05D80E6B-2A3F-4F1B-A892-213543553912}.Release|Any CPU.Build.0 = Release|Any CPU
		{242E7F03-4671-48FB-8503-CAF016448612}.Debug|Any CPU.ActiveCfg = Debug|Any CPU
		{242E7F03-4671-48FB-8503-CAF016448612}.Debug|Any CPU.Build.0 = Debug|Any CPU
		{242E7F03-4671-48FB-8503-CAF016448612}.Release|Any CPU.ActiveCfg = Release|Any CPU
		{242E7F03-4671-48FB-8503-CAF016448612}.Release|Any CPU.Build.0 = Release|Any CPU
		{8144EAB4-4AC9-4A36-BF0C-305B8A7A7123}.Debug|Any CPU.ActiveCfg = Debug|Any CPU
		{8144EAB4-4AC9-4A36-BF0C-305B8A7A7123}.Debug|Any CPU.Build.0 = Debug|Any CPU
		{8144EAB4-4AC9-4A36-BF0C-305B8A7A7123}.Release|Any CPU.ActiveCfg = Release|Any CPU
		{8144EAB4-4AC9-4A36-BF0C-305B8A7A7123}.Release|Any CPU.Build.0 = Release|Any CPU
		{C4CDA3C9-8A98-4BB6-9F47-68D5FB71E705}.Debug|Any CPU.ActiveCfg = Debug|Any CPU
		{C4CDA3C9-8A98-4BB6-9F47-68D5FB71E705}.Debug|Any CPU.Build.0 = Debug|Any CPU
		{C4CDA3C9-8A98-4BB6-9F47-68D5FB71E705}.Release|Any CPU.ActiveCfg = Release|Any CPU
		{C4CDA3C9-8A98-4BB6-9F47-68D5FB71E705}.Release|Any CPU.Build.0 = Release|Any CPU
		{221CA5ED-9F75-4A9D-AFF0-B501B204A719}.Debug|Any CPU.ActiveCfg = Debug|Any CPU
		{221CA5ED-9F75-4A9D-AFF0-B501B204A719}.Debug|Any CPU.Build.0 = Debug|Any CPU
		{3A56A6AB-9B5B-4335-B33C-3AF007C3DB01}.Debug|Any CPU.ActiveCfg = Debug|Any CPU
		{3A56A6AB-9B5B-4335-B33C-3AF007C3DB01}.Debug|Any CPU.Build.0 = Debug|Any CPU
		{3A56A6AB-9B5B-4335-B33C-3AF007C3DB01}.Release|Any CPU.ActiveCfg = Release|Any CPU
		{3A56A6AB-9B5B-4335-B33C-3AF007C3DB01}.Release|Any CPU.Build.0 = Release|Any CPU
		{79F22739-908B-4F44-81AA-C2DF718F9E54}.Debug|Any CPU.ActiveCfg = Debug|Any CPU
		{79F22739-908B-4F44-81AA-C2DF718F9E54}.Debug|Any CPU.Build.0 = Debug|Any CPU
		{79F22739-908B-4F44-81AA-C2DF718F9E54}.Release|Any CPU.ActiveCfg = Release|Any CPU
		{79F22739-908B-4F44-81AA-C2DF718F9E54}.Release|Any CPU.Build.0 = Release|Any CPU
	EndGlobalSection
EndGlobal
